
Microsoft Visual Studio Solution File, Format Version 12.00
# Visual Studio Version 16
VisualStudioVersion = 16.0.29123.88
MinimumVisualStudioVersion = 10.0.40219.1
Project("{FAE04EC0-301F-11D3-BF4B-00C04F79EFBC}") = "KrakenMPSPBusiness", "KrakenMPSPBusiness\KrakenMPSPBusiness.csproj", "{9ED9DB4C-2507-40F3-97D0-CAFD851CB8B8}"
EndProject
Global
	GlobalSection(SolutionConfigurationPlatforms) = preSolution
		Debug|Any CPU = Debug|Any CPU
		Release|Any CPU = Release|Any CPU
	EndGlobalSection
	GlobalSection(ProjectConfigurationPlatforms) = postSolution
		{9ED9DB4C-2507-40F3-97D0-CAFD851CB8B8}.Debug|Any CPU.ActiveCfg = Debug|Any CPU
		{9ED9DB4C-2507-40F3-97D0-CAFD851CB8B8}.Debug|Any CPU.Build.0 = Debug|Any CPU
		{9ED9DB4C-2507-40F3-97D0-CAFD851CB8B8}.Release|Any CPU.ActiveCfg = Release|Any CPU
		{9ED9DB4C-2507-40F3-97D0-CAFD851CB8B8}.Release|Any CPU.Build.0 = Release|Any CPU
	EndGlobalSection
	GlobalSection(SolutionProperties) = preSolution
		HideSolutionNode = FALSE
	EndGlobalSection
	GlobalSection(ExtensibilityGlobals) = postSolution
		SolutionGuid = {9E4747B5-7C5A-4E4B-8F81-5A5A9E1E2248}
	EndGlobalSection
EndGlobal
